
Microsoft Visual Studio Solution File, Format Version 12.00
# Visual Studio Version 16
VisualStudioVersion = 16.0.32002.261
MinimumVisualStudioVersion = 10.0.40219.1
Project("{FAE04EC0-301F-11D3-BF4B-00C04F79EFBC}") = "ToDoTaskApplication", "ToDoTaskApplication.csproj", "{1F274DB9-4617-43C0-899A-04262C7212B0}"
EndProject
Global
	GlobalSection(SolutionConfigurationPlatforms) = preSolution
		Debug|Any CPU = Debug|Any CPU
		Release|Any CPU = Release|Any CPU
	EndGlobalSection
	GlobalSection(ProjectConfigurationPlatforms) = postSolution
		{1F274DB9-4617-43C0-899A-04262C7212B0}.Debug|Any CPU.ActiveCfg = Debug|Any CPU
		{1F274DB9-4617-43C0-899A-04262C7212B0}.Debug|Any CPU.Build.0 = Debug|Any CPU
		{1F274DB9-4617-43C0-899A-04262C7212B0}.Release|Any CPU.ActiveCfg = Release|Any CPU
		{1F274DB9-4617-43C0-899A-04262C7212B0}.Release|Any CPU.Build.0 = Release|Any CPU
	EndGlobalSection
	GlobalSection(SolutionProperties) = preSolution
		HideSolutionNode = FALSE
	EndGlobalSection
	GlobalSection(ExtensibilityGlobals) = postSolution
		SolutionGuid = {D7447E47-81EA-4882-A9D5-BEF0DBE8B8EA}
	EndGlobalSection
EndGlobal
